
Microsoft Visual Studio Solution File, Format Version 12.00
# Visual Studio Version 16
VisualStudioVersion = 16.0.30413.136
MinimumVisualStudioVersion = 10.0.40219.1
Project("{FAE04EC0-301F-11D3-BF4B-00C04F79EFBC}") = "Novi.Art", "Novi.Art\Novi.Art.csproj", "{2D4E606C-6AC7-43DD-82A1-9B921361DAD1}"
EndProject
Global
	GlobalSection(SolutionConfigurationPlatforms) = preSolution
		Debug|Any CPU = Debug|Any CPU
		Release|Any CPU = Release|Any CPU
	EndGlobalSection
	GlobalSection(ProjectConfigurationPlatforms) = postSolution
		{2D4E606C-6AC7-43DD-82A1-9B921361DAD1}.Debug|Any CPU.ActiveCfg = Debug|Any CPU
		{2D4E606C-6AC7-43DD-82A1-9B921361DAD1}.Debug|Any CPU.Build.0 = Debug|Any CPU
		{2D4E606C-6AC7-43DD-82A1-9B921361DAD1}.Release|Any CPU.ActiveCfg = Release|Any CPU
		{2D4E606C-6AC7-43DD-82A1-9B921361DAD1}.Release|Any CPU.Build.0 = Release|Any CPU
	EndGlobalSection
	GlobalSection(SolutionProperties) = preSolution
		HideSolutionNode = FALSE
	EndGlobalSection
	GlobalSection(ExtensibilityGlobals) = postSolution
		SolutionGuid = {01DC8500-CC9E-4189-9021-0D0B721EFC75}
	EndGlobalSection
EndGlobal
